// !$*UTF8*$!
{
	archiveVersion = 1;
	classes = {
	};
	objectVersion = 56;
	objects = {

/* Begin PBXBuildFile section */
		2D41F3E52B9B9D6D002A3499 /* MyFMK.docc in Sources */ = {isa = PBXBuildFile; fileRef = 2D41F3E42B9B9D6D002A3499 /* MyFMK.docc */; };
		2D41F3EB2B9B9D6D002A3499 /* MyFMK.framework in Frameworks */ = {isa = PBXBuildFile; fileRef = 2D41F3E02B9B9D6D002A3499 /* MyFMK.framework */; };
		2D41F3F02B9B9D6D002A3499 /* MyFMKTests.swift in Sources */ = {isa = PBXBuildFile; fileRef = 2D41F3EF2B9B9D6D002A3499 /* MyFMKTests.swift */; };
		2D41F3F12B9B9D6D002A3499 /* MyFMK.h in Headers */ = {isa = PBXBuildFile; fileRef = 2D41F3E32B9B9D6D002A3499 /* MyFMK.h */; settings = {ATTRIBUTES = (Public, ); }; };
/* End PBXBuildFile section */

/* Begin PBXContainerItemProxy section */
		2D41F3EC2B9B9D6D002A3499 /* PBXContainerItemProxy */ = {
			isa = PBXContainerItemProxy;
			containerPortal = 2D41F3D72B9B9D6D002A3499 /* Project object */;
			proxyType = 1;
			remoteGlobalIDString = 2D41F3DF2B9B9D6D002A3499;
			remoteInfo = MyFMK;
		};
/* End PBXContainerItemProxy section */

/* Begin PBXFileReference section */
		2D41F3E02B9B9D6D002A3499 /* MyFMK.framework */ = {isa = PBXFileReference; explicitFileType = wrapper.framework; includeInIndex = 0; path = MyFMK.framework; sourceTree = BUILT_PRODUCTS_DIR; };
		2D41F3E32B9B9D6D002A3499 /* MyFMK.h */ = {isa = PBXFileReference; lastKnownFileType = sourcecode.c.h; path = MyFMK.h; sourceTree = "<group>"; };
		2D41F3E42B9B9D6D002A3499 /* MyFMK.docc */ = {isa = PBXFileReference; lastKnownFileType = folder.documentationcatalog; path = MyFMK.docc; sourceTree = "<group>"; };
		2D41F3EA2B9B9D6D002A3499 /* MyFMKTests.xctest */ = {isa = PBXFileReference; explicitFileType = wrapper.cfbundle; includeInIndex = 0; path = MyFMKTests.xctest; sourceTree = BUILT_PRODUCTS_DIR; };
		2D41F3EF2B9B9D6D002A3499 /* MyFMKTests.swift */ = {isa = PBXFileReference; lastKnownFileType = sourcecode.swift; path = MyFMKTests.swift; sourceTree = "<group>"; };
/* End PBXFileReference section */

/* Begin PBXFrameworksBuildPhase section */
		2D41F3DD2B9B9D6D002A3499 /* Frameworks */ = {
			isa = PBXFrameworksBuildPhase;
			buildActionMask = 2147483647;
			files = (
			);
			runOnlyForDeploymentPostprocessing = 0;
		};
		2D41F3E72B9B9D6D002A3499 /* Frameworks */ = {
			isa = PBXFrameworksBuildPhase;
			buildActionMask = 2147483647;
			files = (
				2D41F3EB2B9B9D6D002A3499 /* MyFMK.framework in Frameworks */,
			);
			runOnlyForDeploymentPostprocessing = 0;
		};
/* End PBXFrameworksBuildPhase section */

/* Begin PBXGroup section */
		2D41F3D62B9B9D6D002A3499 = {
			isa = PBXGroup;
			children = (
				2D41F3E22B9B9D6D002A3499 /* MyFMK */,
				2D41F3EE2B9B9D6D002A3499 /* MyFMKTests */,
				2D41F3E12B9B9D6D002A3499 /* Products */,
			);
			sourceTree = "<group>";
		};
		2D41F3E12B9B9D6D002A3499 /* Products */ = {
			isa = PBXGroup;
			children = (
				2D41F3E02B9B9D6D002A3499 /* MyFMK.framework */,
				2D41F3EA2B9B9D6D002A3499 /* MyFMKTests.xctest */,
			);
			name = Products;
			sourceTree = "<group>";
		};
		2D41F3E22B9B9D6D002A3499 /* MyFMK */ = {
			isa = PBXGroup;
			children = (
				2D41F3E32B9B9D6D002A3499 /* MyFMK.h */,
				2D41F3E42B9B9D6D002A3499 /* MyFMK.docc */,
			);
			path = MyFMK;
			sourceTree = "<group>";
		};
		2D41F3EE2B9B9D6D002A3499 /* MyFMKTests */ = {
			isa = PBXGroup;
			children = (
				2D41F3EF2B9B9D6D002A3499 /* MyFMKTests.swift */,
			);
			path = MyFMKTests;
			sourceTree = "<group>";
		};
/* End PBXGroup section */

/* Begin PBXHeadersBuildPhase section */
		2D41F3DB2B9B9D6D002A3499 /* Headers */ = {
			isa = PBXHeadersBuildPhase;
			buildActionMask = 2147483647;
			files = (
				2D41F3F12B9B9D6D002A3499 /* MyFMK.h in Headers */,
			);
			runOnlyForDeploymentPostprocessing = 0;
		};
/* End PBXHeadersBuildPhase section */

/* Begin PBXNativeTarget section */
		2D41F3DF2B9B9D6D002A3499 /* MyFMK */ = {
			isa = PBXNativeTarget;
			buildConfigurationList = 2D41F3F42B9B9D6D002A3499 /* Build configuration list for PBXNativeTarget "MyFMK" */;
			buildPhases = (
				2D41F3DB2B9B9D6D002A3499 /* Headers */,
				2D41F3DC2B9B9D6D002A3499 /* Sources */,
				2D41F3DD2B9B9D6D002A3499 /* Frameworks */,
				2D41F3DE2B9B9D6D002A3499 /* Resources */,
			);
			buildRules = (
			);
			dependencies = (
			);
			name = MyFMK;
			productName = MyFMK;
			productReference = 2D41F3E02B9B9D6D002A3499 /* MyFMK.framework */;
			productType = "com.apple.product-type.framework";
		};
		2D41F3E92B9B9D6D002A3499 /* MyFMKTests */ = {
			isa = PBXNativeTarget;
			buildConfigurationList = 2D41F3F72B9B9D6D002A3499 /* Build configuration list for PBXNativeTarget "MyFMKTests" */;
			buildPhases = (
				2D41F3E62B9B9D6D002A3499 /* Sources */,
				2D41F3E72B9B9D6D002A3499 /* Frameworks */,
				2D41F3E82B9B9D6D002A3499 /* Resources */,
			);
			buildRules = (
			);
			dependencies = (
				2D41F3ED2B9B9D6D002A3499 /* PBXTargetDependency */,
			);
			name = MyFMKTests;
			productName = MyFMKTests;
			productReference = 2D41F3EA2B9B9D6D002A3499 /* MyFMKTests.xctest */;
			productType = "com.apple.product-type.bundle.unit-test";
		};
/* End PBXNativeTarget section */

/* Begin PBXProject section */
		2D41F3D72B9B9D6D002A3499 /* Project object */ = {
			isa = PBXProject;
			attributes = {
				BuildIndependentTargetsInParallel = 1;
				LastSwiftUpdateCheck = 1530;
				LastUpgradeCheck = 1530;
				TargetAttributes = {
					2D41F3DF2B9B9D6D002A3499 = {
						CreatedOnToolsVersion = 15.3;
					};
					2D41F3E92B9B9D6D002A3499 = {
						CreatedOnToolsVersion = 15.3;
					};
				};
			};
			buildConfigurationList = 2D41F3DA2B9B9D6D002A3499 /* Build configuration list for PBXProject "MyFMK" */;
			compatibilityVersion = "Xcode 14.0";
			developmentRegion = en;
			hasScannedForEncodings = 0;
			knownRegions = (
				en,
				Base,
			);
			mainGroup = 2D41F3D62B9B9D6D002A3499;
			productRefGroup = 2D41F3E12B9B9D6D002A3499 /* Products */;
			projectDirPath = "";
			projectRoot = "";
			targets = (
				2D41F3DF2B9B9D6D002A3499 /* MyFMK */,
				2D41F3E92B9B9D6D002A3499 /* MyFMKTests */,
			);
		};
/* End PBXProject section */

/* Begin PBXResourcesBuildPhase section */
		2D41F3DE2B9B9D6D002A3499 /* Resources */ = {
			isa = PBXResourcesBuildPhase;
			buildActionMask = 2147483647;
			files = (
			);
			runOnlyForDeploymentPostprocessing = 0;
		};
		2D41F3E82B9B9D6D002A3499 /* Resources */ = {
			isa = PBXResourcesBuildPhase;
			buildActionMask = 2147483647;
			files = (
			);
			runOnlyForDeploymentPostprocessing = 0;
		};
/* End PBXResourcesBuildPhase section */

/* Begin PBXSourcesBuildPhase section */
		2D41F3DC2B9B9D6D002A3499 /* Sources */ = {
			isa = PBXSourcesBuildPhase;
			buildActionMask = 2147483647;
			files = (
				2D41F3E52B9B9D6D002A3499 /* MyFMK.docc in Sources */,
			);
			runOnlyForDeploymentPostprocessing = 0;
		};
		2D41F3E62B9B9D6D002A3499 /* Sources */ = {
			isa = PBXSourcesBuildPhase;
			buildActionMask = 2147483647;
			files = (
				2D41F3F02B9B9D6D002A3499 /* MyFMKTests.swift in Sources */,
			);
			runOnlyForDeploymentPostprocessing = 0;
		};
/* End PBXSourcesBuildPhase section */

/* Begin PBXTargetDependency section */
		2D41F3ED2B9B9D6D002A3499 /* PBXTargetDependency */ = {
			isa = PBXTargetDependency;
			target = 2D41F3DF2B9B9D6D002A3499 /* MyFMK */;
			targetProxy = 2D41F3EC2B9B9D6D002A3499 /* PBXContainerItemProxy */;
		};
/* End PBXTargetDependency section */

/* Begin XCBuildConfiguration section */
		2D41F3F22B9B9D6D002A3499 /* Debug */ = {
			isa = XCBuildConfiguration;
			buildSettings = {
				ALWAYS_SEARCH_USER_PATHS = NO;
				ASSETCATALOG_COMPILER_GENERATE_SWIFT_ASSET_SYMBOL_EXTENSIONS = YES;
				CLANG_ANALYZER_NONNULL = YES;
				CLANG_ANALYZER_NUMBER_OBJECT_CONVERSION = YES_AGGRESSIVE;
				CLANG_CXX_LANGUAGE_STANDARD = "gnu++20";
				CLANG_ENABLE_MODULES = YES;
				CLANG_ENABLE_OBJC_ARC = YES;
				CLANG_ENABLE_OBJC_WEAK = YES;
				CLANG_WARN_BLOCK_CAPTURE_AUTORELEASING = YES;
				CLANG_WARN_BOOL_CONVERSION = YES;
				CLANG_WARN_COMMA = YES;
				CLANG_WARN_CONSTANT_CONVERSION = YES;
				CLANG_WARN_DEPRECATED_OBJC_IMPLEMENTATIONS = YES;
				CLANG_WARN_DIRECT_OBJC_ISA_USAGE = YES_ERROR;
				CLANG_WARN_DOCUMENTATION_COMMENTS = YES;
				CLANG_WARN_EMPTY_BODY = YES;
				CLANG_WARN_ENUM_CONVERSION = YES;
				CLANG_WARN_INFINITE_RECURSION = YES;
				CLANG_WARN_INT_CONVERSION = YES;
				CLANG_WARN_NON_LITERAL_NULL_CONVERSION = YES;
				CLANG_WARN_OBJC_IMPLICIT_RETAIN_SELF = YES;
				CLANG_WARN_OBJC_LITERAL_CONVERSION = YES;
				CLANG_WARN_OBJC_ROOT_CLASS = YES_ERROR;
				CLANG_WARN_QUOTED_INCLUDE_IN_FRAMEWORK_HEADER = YES;
				CLANG_WARN_RANGE_LOOP_ANALYSIS = YES;
				CLANG_WARN_STRICT_PROTOTYPES = YES;
				CLANG_WARN_SUSPICIOUS_MOVE = YES;
				CLANG_WARN_UNGUARDED_AVAILABILITY = YES_AGGRESSIVE;
				CLANG_WARN_UNREACHABLE_CODE = YES;
				CLANG_WARN__DUPLICATE_METHOD_MATCH = YES;
				COPY_PHASE_STRIP = NO;
				CURRENT_PROJECT_VERSION = 1;
				DEBUG_INFORMATION_FORMAT = dwarf;
				ENABLE_STRICT_OBJC_MSGSEND = YES;
				ENABLE_TESTABILITY = YES;
				ENABLE_USER_SCRIPT_SANDBOXING = YES;
				GCC_C_LANGUAGE_STANDARD = gnu17;
				GCC_DYNAMIC_NO_PIC = NO;
				GCC_NO_COMMON_BLOCKS = YES;
				GCC_OPTIMIZATION_LEVEL = 0;
				GCC_PREPROCESSOR_DEFINITIONS = (
					"DEBUG=1",
					"$(inherited)",
				);
				GCC_WARN_64_TO_32_BIT_CONVERSION = YES;
				GCC_WARN_ABOUT_RETURN_TYPE = YES_ERROR;
				GCC_WARN_UNDECLARED_SELECTOR = YES;
				GCC_WARN_UNINITIALIZED_AUTOS = YES_AGGRESSIVE;
				GCC_WARN_UNUSED_FUNCTION = YES;
				GCC_WARN_UNUSED_VARIABLE = YES;
				IPHONEOS_DEPLOYMENT_TARGET = 17.4;
				LOCALIZATION_PREFERS_STRING_CATALOGS = YES;
				MTL_ENABLE_DEBUG_INFO = INCLUDE_SOURCE;
				MTL_FAST_MATH = YES;
				ONLY_ACTIVE_ARCH = YES;
				SDKROOT = iphoneos;
				SWIFT_ACTIVE_COMPILATION_CONDITIONS = "DEBUG $(inherited)";
				SWIFT_OPTIMIZATION_LEVEL = "-Onone";
				VERSIONING_SYSTEM = "apple-generic";
				VERSION_INFO_PREFIX = "";
			};
			name = Debug;
		};
		2D41F3F32B9B9D6D002A3499 /* Release */ = {
			isa = XCBuildConfiguration;
			buildSettings = {
				ALWAYS_SEARCH_USER_PATHS = NO;
				ASSETCATALOG_COMPILER_GENERATE_SWIFT_ASSET_SYMBOL_EXTENSIONS = YES;
				CLANG_ANALYZER_NONNULL = YES;
				CLANG_ANALYZER_NUMBER_OBJECT_CONVERSION = YES_AGGRESSIVE;
				CLANG_CXX_LANGUAGE_STANDARD = "gnu++20";
				CLANG_ENABLE_MODULES = YES;
				CLANG_ENABLE_OBJC_ARC = YES;
				CLANG_ENABLE_OBJC_WEAK = YES;
				CLANG_WARN_BLOCK_CAPTURE_AUTORELEASING = YES;
				CLANG_WARN_BOOL_CONVERSION = YES;
				CLANG_WARN_COMMA = YES;
				CLANG_WARN_CONSTANT_CONVERSION = YES;
				CLANG_WARN_DEPRECATED_OBJC_IMPLEMENTATIONS = YES;
				CLANG_WARN_DIRECT_OBJC_ISA_USAGE = YES_ERROR;
				CLANG_WARN_DOCUMENTATION_COMMENTS = YES;
				CLANG_WARN_EMPTY_BODY = YES;
				CLANG_WARN_ENUM_CONVERSION = YES;
				CLANG_WARN_INFINITE_RECURSION = YES;
				CLANG_WARN_INT_CONVERSION = YES;
				CLANG_WARN_NON_LITERAL_NULL_CONVERSION = YES;
				CLANG_WARN_OBJC_IMPLICIT_RETAIN_SELF = YES;
				CLANG_WARN_OBJC_LITERAL_CONVERSION = YES;
				CLANG_WARN_OBJC_ROOT_CLASS = YES_ERROR;
				CLANG_WARN_QUOTED_INCLUDE_IN_FRAMEWORK_HEADER = YES;
				CLANG_WARN_RANGE_LOOP_ANALYSIS = YES;
				CLANG_WARN_STRICT_PROTOTYPES = YES;
				CLANG_WARN_SUSPICIOUS_MOVE = YES;
				CLANG_WARN_UNGUARDED_AVAILABILITY = YES_AGGRESSIVE;
				CLANG_WARN_UNREACHABLE_CODE = YES;
				CLANG_WARN__DUPLICATE_METHOD_MATCH = YES;
				COPY_PHASE_STRIP = NO;
				CURRENT_PROJECT_VERSION = 1;
				DEBUG_INFORMATION_FORMAT = "dwarf-with-dsym";
				ENABLE_NS_ASSERTIONS = NO;
				ENABLE_STRICT_OBJC_MSGSEND = YES;
				ENABLE_USER_SCRIPT_SANDBOXING = YES;
				GCC_C_LANGUAGE_STANDARD = gnu17;
				GCC_NO_COMMON_BLOCKS = YES;
				GCC_WARN_64_TO_32_BIT_CONVERSION = YES;
				GCC_WARN_ABOUT_RETURN_TYPE = YES_ERROR;
				GCC_WARN_UNDECLARED_SELECTOR = YES;
				GCC_WARN_UNINITIALIZED_AUTOS = YES_AGGRESSIVE;
				GCC_WARN_UNUSED_FUNCTION = YES;
				GCC_WARN_UNUSED_VARIABLE = YES;
				IPHONEOS_DEPLOYMENT_TARGET = 17.4;
				LOCALIZATION_PREFERS_STRING_CATALOGS = YES;
				MTL_ENABLE_DEBUG_INFO = NO;
				MTL_FAST_MATH = YES;
				SDKROOT = iphoneos;
				SWIFT_COMPILATION_MODE = wholemodule;
				VALIDATE_PRODUCT = YES;
				VERSIONING_SYSTEM = "apple-generic";
				VERSION_INFO_PREFIX = "";
			};
			name = Release;
		};
		2D41F3F52B9B9D6D002A3499 /* Debug */ = {
			isa = XCBuildConfiguration;
			buildSettings = {
				BUILD_LIBRARY_FOR_DISTRIBUTION = YES;
				CODE_SIGN_STYLE = Automatic;
				CURRENT_PROJECT_VERSION = 1;
				DEFINES_MODULE = YES;
				DEVELOPMENT_TEAM = 69KP7AWB28;
				DYLIB_COMPATIBILITY_VERSION = 1;
				DYLIB_CURRENT_VERSION = 1;
				DYLIB_INSTALL_NAME_BASE = "@rpath";
				ENABLE_MODULE_VERIFIER = YES;
				GENERATE_INFOPLIST_FILE = YES;
				INFOPLIST_KEY_NSHumanReadableCopyright = "";
				INSTALL_PATH = "$(LOCAL_LIBRARY_DIR)/Frameworks";
				LD_RUNPATH_SEARCH_PATHS = (
					"$(inherited)",
					"@executable_path/Frameworks",
					"@loader_path/Frameworks",
				);
				MARKETING_VERSION = 1.0;
				MODULE_VERIFIER_SUPPORTED_LANGUAGES = "objective-c objective-c++";
				MODULE_VERIFIER_SUPPORTED_LANGUAGE_STANDARDS = "gnu17 gnu++20";
				PRODUCT_BUNDLE_IDENTIFIER = com.VitorSpessoto.MyFMK;
				PRODUCT_NAME = "$(TARGET_NAME:c99extidentifier)";
				SKIP_INSTALL = YES;
				SWIFT_EMIT_LOC_STRINGS = YES;
				SWIFT_INSTALL_OBJC_HEADER = NO;
				SWIFT_VERSION = 5.0;
				TARGETED_DEVICE_FAMILY = "1,2";
			};
			name = Debug;
		};
		2D41F3F62B9B9D6D002A3499 /* Release */ = {
			isa = XCBuildConfiguration;
			buildSettings = {
				BUILD_LIBRARY_FOR_DISTRIBUTION = YES;
				CODE_SIGN_STYLE = Automatic;
				CURRENT_PROJECT_VERSION = 1;
				DEFINES_MODULE = YES;
				DEVELOPMENT_TEAM = 69KP7AWB28;
				DYLIB_COMPATIBILITY_VERSION = 1;
				DYLIB_CURRENT_VERSION = 1;
				DYLIB_INSTALL_NAME_BASE = "@rpath";
				ENABLE_MODULE_VERIFIER = YES;
				GENERATE_INFOPLIST_FILE = YES;
				INFOPLIST_KEY_NSHumanReadableCopyright = "";
				INSTALL_PATH = "$(LOCAL_LIBRARY_DIR)/Frameworks";
				LD_RUNPATH_SEARCH_PATHS = (
					"$(inherited)",
					"@executable_path/Frameworks",
					"@loader_path/Frameworks",
				);
				MARKETING_VERSION = 1.0;
				MODULE_VERIFIER_SUPPORTED_LANGUAGES = "objective-c objective-c++";
				MODULE_VERIFIER_SUPPORTED_LANGUAGE_STANDARDS = "gnu17 gnu++20";
				PRODUCT_BUNDLE_IDENTIFIER = com.VitorSpessoto.MyFMK;
				PRODUCT_NAME = "$(TARGET_NAME:c99extidentifier)";
				SKIP_INSTALL = YES;
				SWIFT_EMIT_LOC_STRINGS = YES;
				SWIFT_INSTALL_OBJC_HEADER = NO;
				SWIFT_VERSION = 5.0;
				TARGETED_DEVICE_FAMILY = "1,2";
			};
			name = Release;
		};
		2D41F3F82B9B9D6D002A3499 /* Debug */ = {
			isa = XCBuildConfiguration;
			buildSettings = {
				CODE_SIGN_STYLE = Automatic;
				CURRENT_PROJECT_VERSION = 1;
				DEVELOPMENT_TEAM = 69KP7AWB28;
				GENERATE_INFOPLIST_FILE = YES;
				MARKETING_VERSION = 1.0;
				PRODUCT_BUNDLE_IDENTIFIER = com.VitorSpessoto.MyFMKTests;
				PRODUCT_NAME = "$(TARGET_NAME)";
				SWIFT_EMIT_LOC_STRINGS = NO;
				SWIFT_VERSION = 5.0;
				TARGETED_DEVICE_FAMILY = "1,2";
			};
			name = Debug;
		};
		2D41F3F92B9B9D6D002A3499 /* Release */ = {
			isa = XCBuildConfiguration;
			buildSettings = {
				CODE_SIGN_STYLE = Automatic;
				CURRENT_PROJECT_VERSION = 1;
				DEVELOPMENT_TEAM = 69KP7AWB28;
				GENERATE_INFOPLIST_FILE = YES;
				MARKETING_VERSION = 1.0;
				PRODUCT_BUNDLE_IDENTIFIER = com.VitorSpessoto.MyFMKTests;
				PRODUCT_NAME = "$(TARGET_NAME)";
				SWIFT_EMIT_LOC_STRINGS = NO;
				SWIFT_VERSION = 5.0;
				TARGETED_DEVICE_FAMILY = "1,2";
			};
			name = Release;
		};
/* End XCBuildConfiguration section */

/* Begin XCConfigurationList section */
		2D41F3DA2B9B9D6D002A3499 /* Build configuration list for PBXProject "MyFMK" */ = {
			isa = XCConfigurationList;
			buildConfigurations = (
				2D41F3F22B9B9D6D002A3499 /* Debug */,
				2D41F3F32B9B9D6D002A3499 /* Release */,
			);
			defaultConfigurationIsVisible = 0;
			defaultConfigurationName = Release;
		};
		2D41F3F42B9B9D6D002A3499 /* Build configuration list for PBXNativeTarget "MyFMK" */ = {
			isa = XCConfigurationList;
			buildConfigurations = (
				2D41F3F52B9B9D6D002A3499 /* Debug */,
				2D41F3F62B9B9D6D002A3499 /* Release */,
			);
			defaultConfigurationIsVisible = 0;
			defaultConfigurationName = Release;
		};
		2D41F3F72B9B9D6D002A3499 /* Build configuration list for PBXNativeTarget "MyFMKTests" */ = {
			isa = XCConfigurationList;
			buildConfigurations = (
				2D41F3F82B9B9D6D002A3499 /* Debug */,
				2D41F3F92B9B9D6D002A3499 /* Release */,
			);
			defaultConfigurationIsVisible = 0;
			defaultConfigurationName = Release;
		};
/* End XCConfigurationList section */
	};
	rootObject = 2D41F3D72B9B9D6D002A3499 /* Project object */;
}
